
Microsoft Visual Studio Solution File, Format Version 10.00
# Visual C++ Express 2008
Project("{8BC9CEB8-8B4A-11D0-8D11-00A0C91BC942}") = "эйлер", "эйлер\эйлер.vcproj", "{D5F5F18D-24E5-44C3-9F52-81D3F0C3FF2F}"
EndProject
Global
	GlobalSection(SolutionConfigurationPlatforms) = preSolution
		Debug|Win32 = Debug|Win32
		Release|Win32 = Release|Win32
	EndGlobalSection
	GlobalSection(ProjectConfigurationPlatforms) = postSolution
		{D5F5F18D-24E5-44C3-9F52-81D3F0C3FF2F}.Debug|Win32.ActiveCfg = Debug|Win32
		{D5F5F18D-24E5-44C3-9F52-81D3F0C3FF2F}.Debug|Win32.Build.0 = Debug|Win32
		{D5F5F18D-24E5-44C3-9F52-81D3F0C3FF2F}.Release|Win32.ActiveCfg = Release|Win32
		{D5F5F18D-24E5-44C3-9F52-81D3F0C3FF2F}.Release|Win32.Build.0 = Release|Win32
	EndGlobalSection
	GlobalSection(SolutionProperties) = preSolution
		HideSolutionNode = FALSE
	EndGlobalSection
EndGlobal
