
Microsoft Visual Studio Solution File, Format Version 10.00
# Visual C++ Express 2008
Project("{8BC9CEB8-8B4A-11D0-8D11-00A0C91BC942}") = "1234", "1234\1234.vcproj", "{0B7C9808-06C8-4FD6-8C29-82DAC349CC12}"
EndProject
Global
	GlobalSection(SolutionConfigurationPlatforms) = preSolution
		Debug|Win32 = Debug|Win32
		Release|Win32 = Release|Win32
	EndGlobalSection
	GlobalSection(ProjectConfigurationPlatforms) = postSolution
		{0B7C9808-06C8-4FD6-8C29-82DAC349CC12}.Debug|Win32.ActiveCfg = Debug|Win32
		{0B7C9808-06C8-4FD6-8C29-82DAC349CC12}.Debug|Win32.Build.0 = Debug|Win32
		{0B7C9808-06C8-4FD6-8C29-82DAC349CC12}.Release|Win32.ActiveCfg = Release|Win32
		{0B7C9808-06C8-4FD6-8C29-82DAC349CC12}.Release|Win32.Build.0 = Release|Win32
	EndGlobalSection
	GlobalSection(SolutionProperties) = preSolution
		HideSolutionNode = FALSE
	EndGlobalSection
EndGlobal
